
Microsoft Visual Studio Solution File, Format Version 12.00
# Visual Studio Version 17
VisualStudioVersion = 17.0.31903.59
MinimumVisualStudioVersion = 10.0.40219.1
Project("{FAE04EC0-301F-11D3-BF4B-00C04F79EFBC}") = "Solution", "Solution\Solution.csproj", "{B7DFE498-CAB2-4F9E-87E0-B5FC494C908D}"
EndProject
Project("{FAE04EC0-301F-11D3-BF4B-00C04F79EFBC}") = "Solution.Tests", "Solution.Tests\Solution.Tests.csproj", "{40134E0E-BD55-4E98-9D3F-C79EFA05EDEE}"
EndProject
Global
	GlobalSection(SolutionConfigurationPlatforms) = preSolution
		Debug|Any CPU = Debug|Any CPU
		Release|Any CPU = Release|Any CPU
	EndGlobalSection
	GlobalSection(SolutionProperties) = preSolution
		HideSolutionNode = FALSE
	EndGlobalSection
	GlobalSection(ProjectConfigurationPlatforms) = postSolution
		{B7DFE498-CAB2-4F9E-87E0-B5FC494C908D}.Debug|Any CPU.ActiveCfg = Debug|Any CPU
		{B7DFE498-CAB2-4F9E-87E0-B5FC494C908D}.Debug|Any CPU.Build.0 = Debug|Any CPU
		{B7DFE498-CAB2-4F9E-87E0-B5FC494C908D}.Release|Any CPU.ActiveCfg = Release|Any CPU
		{B7DFE498-CAB2-4F9E-87E0-B5FC494C908D}.Release|Any CPU.Build.0 = Release|Any CPU
		{40134E0E-BD55-4E98-9D3F-C79EFA05EDEE}.Debug|Any CPU.ActiveCfg = Debug|Any CPU
		{40134E0E-BD55-4E98-9D3F-C79EFA05EDEE}.Debug|Any CPU.Build.0 = Debug|Any CPU
		{40134E0E-BD55-4E98-9D3F-C79EFA05EDEE}.Release|Any CPU.ActiveCfg = Release|Any CPU
		{40134E0E-BD55-4E98-9D3F-C79EFA05EDEE}.Release|Any CPU.Build.0 = Release|Any CPU
	EndGlobalSection
EndGlobal
